
Microsoft Visual Studio Solution File, Format Version 12.00
# Visual Studio Version 17
VisualStudioVersion = 17.8.34322.80
MinimumVisualStudioVersion = 10.0.40219.1
Project("{FAE04EC0-301F-11D3-BF4B-00C04F79EFBC}") = "GourmetGame", "GourmetGame\GourmetGame.csproj", "{578D6920-4CD8-4D82-A795-B5663E216015}"
EndProject
Project("{FAE04EC0-301F-11D3-BF4B-00C04F79EFBC}") = "GourmetGame.Core", "GourmetGame.Core\GourmetGame.Core.csproj", "{B688E812-603C-439A-A9BD-0F2D306FD370}"
EndProject
Global
	GlobalSection(SolutionConfigurationPlatforms) = preSolution
		Debug|Any CPU = Debug|Any CPU
		Release|Any CPU = Release|Any CPU
	EndGlobalSection
	GlobalSection(ProjectConfigurationPlatforms) = postSolution
		{578D6920-4CD8-4D82-A795-B5663E216015}.Debug|Any CPU.ActiveCfg = Debug|Any CPU
		{578D6920-4CD8-4D82-A795-B5663E216015}.Debug|Any CPU.Build.0 = Debug|Any CPU
		{578D6920-4CD8-4D82-A795-B5663E216015}.Release|Any CPU.ActiveCfg = Release|Any CPU
		{578D6920-4CD8-4D82-A795-B5663E216015}.Release|Any CPU.Build.0 = Release|Any CPU
		{B688E812-603C-439A-A9BD-0F2D306FD370}.Debug|Any CPU.ActiveCfg = Debug|Any CPU
		{B688E812-603C-439A-A9BD-0F2D306FD370}.Debug|Any CPU.Build.0 = Debug|Any CPU
		{B688E812-603C-439A-A9BD-0F2D306FD370}.Release|Any CPU.ActiveCfg = Release|Any CPU
		{B688E812-603C-439A-A9BD-0F2D306FD370}.Release|Any CPU.Build.0 = Release|Any CPU
	EndGlobalSection
	GlobalSection(SolutionProperties) = preSolution
		HideSolutionNode = FALSE
	EndGlobalSection
	GlobalSection(ExtensibilityGlobals) = postSolution
		SolutionGuid = {F2AEA51A-F4B6-4D90-BAAA-75BD2C5FFFC9}
	EndGlobalSection
EndGlobal
